// !$*UTF8*$!
{
	archiveVersion = 1;
	classes = {
	};
	objectVersion = 50;
	objects = {

/* Begin PBXBuildFile section */
		F30960AF223072B200E083B1 /* JoinedTableViewCell.swift in Sources */ = {isa = PBXBuildFile; fileRef = F30960AE223072B200E083B1 /* JoinedTableViewCell.swift */; };
		F30960B1223072C400E083B1 /* MyTableViewCell.swift in Sources */ = {isa = PBXBuildFile; fileRef = F30960B0223072C400E083B1 /* MyTableViewCell.swift */; };
		F30960B3223072D000E083B1 /* OtherTableViewCell.swift in Sources */ = {isa = PBXBuildFile; fileRef = F30960B2223072D000E083B1 /* OtherTableViewCell.swift */; };
		F3098BF0222C5D5800ED70FE /* AppDelegate.swift in Sources */ = {isa = PBXBuildFile; fileRef = F3098BEF222C5D5800ED70FE /* AppDelegate.swift */; };
		F3098BF7222C5D5900ED70FE /* Assets.xcassets in Resources */ = {isa = PBXBuildFile; fileRef = F3098BF6222C5D5900ED70FE /* Assets.xcassets */; };
		F3098BFA222C5D5900ED70FE /* LaunchScreen.storyboard in Resources */ = {isa = PBXBuildFile; fileRef = F3098BF8222C5D5900ED70FE /* LaunchScreen.storyboard */; };
		F3098C03222C5DB600ED70FE /* SocketRoom.swift in Sources */ = {isa = PBXBuildFile; fileRef = F3098C02222C5DB600ED70FE /* SocketRoom.swift */; };
		F3098C05222C5E0300ED70FE /* SocketMessage.swift in Sources */ = {isa = PBXBuildFile; fileRef = F3098C04222C5E0300ED70FE /* SocketMessage.swift */; };
		F3098C08222C5E9D00ED70FE /* StringExtenstions.swift in Sources */ = {isa = PBXBuildFile; fileRef = F3098C07222C5E9D00ED70FE /* StringExtenstions.swift */; };
		F3098C0C222C621C00ED70FE /* JoinChatViewController.swift in Sources */ = {isa = PBXBuildFile; fileRef = F3098C0B222C621C00ED70FE /* JoinChatViewController.swift */; };
		F3098C0E222C67FE00ED70FE /* UIViewControllerExtensions.swift in Sources */ = {isa = PBXBuildFile; fileRef = F3098C0D222C67FE00ED70FE /* UIViewControllerExtensions.swift */; };
		F3098C10222C695000ED70FE /* SocketRoomViewController.swift in Sources */ = {isa = PBXBuildFile; fileRef = F3098C0F222C695000ED70FE /* SocketRoomViewController.swift */; };
		F3098C12222C6A9800ED70FE /* SocketRoomViewControllerExtension.swift in Sources */ = {isa = PBXBuildFile; fileRef = F3098C11222C6A9800ED70FE /* SocketRoomViewControllerExtension.swift */; };
		F3098C1D222C74E900ED70FE /* Main.storyboard in Resources */ = {isa = PBXBuildFile; fileRef = F3098C1B222C74E900ED70FE /* Main.storyboard */; };
/* End PBXBuildFile section */

/* Begin PBXFileReference section */
		F30960AE223072B200E083B1 /* JoinedTableViewCell.swift */ = {isa = PBXFileReference; lastKnownFileType = sourcecode.swift; path = JoinedTableViewCell.swift; sourceTree = "<group>"; };
		F30960B0223072C400E083B1 /* MyTableViewCell.swift */ = {isa = PBXFileReference; lastKnownFileType = sourcecode.swift; path = MyTableViewCell.swift; sourceTree = "<group>"; };
		F30960B2223072D000E083B1 /* OtherTableViewCell.swift */ = {isa = PBXFileReference; lastKnownFileType = sourcecode.swift; path = OtherTableViewCell.swift; sourceTree = "<group>"; };
		F3098BEC222C5D5800ED70FE /* SocketChat.app */ = {isa = PBXFileReference; explicitFileType = wrapper.application; includeInIndex = 0; path = SocketChat.app; sourceTree = BUILT_PRODUCTS_DIR; };
		F3098BEF222C5D5800ED70FE /* AppDelegate.swift */ = {isa = PBXFileReference; lastKnownFileType = sourcecode.swift; path = AppDelegate.swift; sourceTree = "<group>"; };
		F3098BF6222C5D5900ED70FE /* Assets.xcassets */ = {isa = PBXFileReference; lastKnownFileType = folder.assetcatalog; path = Assets.xcassets; sourceTree = "<group>"; };
		F3098BF9222C5D5900ED70FE /* Base */ = {isa = PBXFileReference; lastKnownFileType = file.storyboard; name = Base; path = Base.lproj/LaunchScreen.storyboard; sourceTree = "<group>"; };
		F3098BFB222C5D5900ED70FE /* Info.plist */ = {isa = PBXFileReference; lastKnownFileType = text.plist.xml; path = Info.plist; sourceTree = "<group>"; };
		F3098C02222C5DB600ED70FE /* SocketRoom.swift */ = {isa = PBXFileReference; lastKnownFileType = sourcecode.swift; path = SocketRoom.swift; sourceTree = "<group>"; };
		F3098C04222C5E0300ED70FE /* SocketMessage.swift */ = {isa = PBXFileReference; lastKnownFileType = sourcecode.swift; path = SocketMessage.swift; sourceTree = "<group>"; };
		F3098C07222C5E9D00ED70FE /* StringExtenstions.swift */ = {isa = PBXFileReference; lastKnownFileType = sourcecode.swift; path = StringExtenstions.swift; sourceTree = "<group>"; };
		F3098C0B222C621C00ED70FE /* JoinChatViewController.swift */ = {isa = PBXFileReference; lastKnownFileType = sourcecode.swift; path = JoinChatViewController.swift; sourceTree = "<group>"; };
		F3098C0D222C67FE00ED70FE /* UIViewControllerExtensions.swift */ = {isa = PBXFileReference; lastKnownFileType = sourcecode.swift; path = UIViewControllerExtensions.swift; sourceTree = "<group>"; };
		F3098C0F222C695000ED70FE /* SocketRoomViewController.swift */ = {isa = PBXFileReference; lastKnownFileType = sourcecode.swift; path = SocketRoomViewController.swift; sourceTree = "<group>"; };
		F3098C11222C6A9800ED70FE /* SocketRoomViewControllerExtension.swift */ = {isa = PBXFileReference; lastKnownFileType = sourcecode.swift; path = SocketRoomViewControllerExtension.swift; sourceTree = "<group>"; };
		F3098C1C222C74E900ED70FE /* Base */ = {isa = PBXFileReference; lastKnownFileType = file.storyboard; name = Base; path = Base.lproj/Main.storyboard; sourceTree = "<group>"; };
/* End PBXFileReference section */

/* Begin PBXFrameworksBuildPhase section */
		F3098BE9222C5D5800ED70FE /* Frameworks */ = {
			isa = PBXFrameworksBuildPhase;
			buildActionMask = 2147483647;
			files = (
			);
			runOnlyForDeploymentPostprocessing = 0;
		};
/* End PBXFrameworksBuildPhase section */

/* Begin PBXGroup section */
		F30960B4223072D400E083B1 /* Cells */ = {
			isa = PBXGroup;
			children = (
				F30960AE223072B200E083B1 /* JoinedTableViewCell.swift */,
				F30960B0223072C400E083B1 /* MyTableViewCell.swift */,
				F30960B2223072D000E083B1 /* OtherTableViewCell.swift */,
			);
			path = Cells;
			sourceTree = "<group>";
		};
		F3098BE3222C5D5800ED70FE = {
			isa = PBXGroup;
			children = (
				F3098BEE222C5D5800ED70FE /* SocketChat */,
				F3098BED222C5D5800ED70FE /* Products */,
			);
			sourceTree = "<group>";
		};
		F3098BED222C5D5800ED70FE /* Products */ = {
			isa = PBXGroup;
			children = (
				F3098BEC222C5D5800ED70FE /* SocketChat.app */,
			);
			name = Products;
			sourceTree = "<group>";
		};
		F3098BEE222C5D5800ED70FE /* SocketChat */ = {
			isa = PBXGroup;
			children = (
				F3098C0A222C61CD00ED70FE /* ViewControllers */,
				F3098C09222C61BB00ED70FE /* Views */,
				F3098C06222C5E8600ED70FE /* Extensions */,
				F3098C01222C5D7F00ED70FE /* Networking */,
				F3098BF6222C5D5900ED70FE /* Assets.xcassets */,
				F3098BEF222C5D5800ED70FE /* AppDelegate.swift */,
				F3098BF8222C5D5900ED70FE /* LaunchScreen.storyboard */,
				F3098BFB222C5D5900ED70FE /* Info.plist */,
			);
			path = SocketChat;
			sourceTree = "<group>";
		};
		F3098C01222C5D7F00ED70FE /* Networking */ = {
			isa = PBXGroup;
			children = (
				F3098C02222C5DB600ED70FE /* SocketRoom.swift */,
				F3098C04222C5E0300ED70FE /* SocketMessage.swift */,
			);
			path = Networking;
			sourceTree = "<group>";
		};
		F3098C06222C5E8600ED70FE /* Extensions */ = {
			isa = PBXGroup;
			children = (
				F3098C07222C5E9D00ED70FE /* StringExtenstions.swift */,
				F3098C0D222C67FE00ED70FE /* UIViewControllerExtensions.swift */,
				F3098C11222C6A9800ED70FE /* SocketRoomViewControllerExtension.swift */,
			);
			path = Extensions;
			sourceTree = "<group>";
		};
		F3098C09222C61BB00ED70FE /* Views */ = {
			isa = PBXGroup;
			children = (
				F3098C1B222C74E900ED70FE /* Main.storyboard */,
				F30960B4223072D400E083B1 /* Cells */,
			);
			path = Views;
			sourceTree = "<group>";
		};
		F3098C0A222C61CD00ED70FE /* ViewControllers */ = {
			isa = PBXGroup;
			children = (
				F3098C0B222C621C00ED70FE /* JoinChatViewController.swift */,
				F3098C0F222C695000ED70FE /* SocketRoomViewController.swift */,
			);
			path = ViewControllers;
			sourceTree = "<group>";
		};
/* End PBXGroup section */

/* Begin PBXNativeTarget section */
		F3098BEB222C5D5800ED70FE /* SocketChat */ = {
			isa = PBXNativeTarget;
			buildConfigurationList = F3098BFE222C5D5900ED70FE /* Build configuration list for PBXNativeTarget "SocketChat" */;
			buildPhases = (
				F3098BE8222C5D5800ED70FE /* Sources */,
				F3098BE9222C5D5800ED70FE /* Frameworks */,
				F3098BEA222C5D5800ED70FE /* Resources */,
			);
			buildRules = (
			);
			dependencies = (
			);
			name = SocketChat;
			productName = SocketChat;
			productReference = F3098BEC222C5D5800ED70FE /* SocketChat.app */;
			productType = "com.apple.product-type.application";
		};
/* End PBXNativeTarget section */

/* Begin PBXProject section */
		F3098BE4222C5D5800ED70FE /* Project object */ = {
			isa = PBXProject;
			attributes = {
				LastSwiftUpdateCheck = 1010;
				LastUpgradeCheck = 1010;
				ORGANIZATIONNAME = brakhmen;
				TargetAttributes = {
					F3098BEB222C5D5800ED70FE = {
						CreatedOnToolsVersion = 10.1;
					};
				};
			};
			buildConfigurationList = F3098BE7222C5D5800ED70FE /* Build configuration list for PBXProject "SocketChat" */;
			compatibilityVersion = "Xcode 9.3";
			developmentRegion = en;
			hasScannedForEncodings = 0;
			knownRegions = (
				en,
				Base,
			);
			mainGroup = F3098BE3222C5D5800ED70FE;
			productRefGroup = F3098BED222C5D5800ED70FE /* Products */;
			projectDirPath = "";
			projectRoot = "";
			targets = (
				F3098BEB222C5D5800ED70FE /* SocketChat */,
			);
		};
/* End PBXProject section */

/* Begin PBXResourcesBuildPhase section */
		F3098BEA222C5D5800ED70FE /* Resources */ = {
			isa = PBXResourcesBuildPhase;
			buildActionMask = 2147483647;
			files = (
				F3098C1D222C74E900ED70FE /* Main.storyboard in Resources */,
				F3098BFA222C5D5900ED70FE /* LaunchScreen.storyboard in Resources */,
				F3098BF7222C5D5900ED70FE /* Assets.xcassets in Resources */,
			);
			runOnlyForDeploymentPostprocessing = 0;
		};
/* End PBXResourcesBuildPhase section */

/* Begin PBXSourcesBuildPhase section */
		F3098BE8222C5D5800ED70FE /* Sources */ = {
			isa = PBXSourcesBuildPhase;
			buildActionMask = 2147483647;
			files = (
				F3098C0E222C67FE00ED70FE /* UIViewControllerExtensions.swift in Sources */,
				F3098C05222C5E0300ED70FE /* SocketMessage.swift in Sources */,
				F30960AF223072B200E083B1 /* JoinedTableViewCell.swift in Sources */,
				F3098C10222C695000ED70FE /* SocketRoomViewController.swift in Sources */,
				F30960B1223072C400E083B1 /* MyTableViewCell.swift in Sources */,
				F3098C03222C5DB600ED70FE /* SocketRoom.swift in Sources */,
				F3098C12222C6A9800ED70FE /* SocketRoomViewControllerExtension.swift in Sources */,
				F3098BF0222C5D5800ED70FE /* AppDelegate.swift in Sources */,
				F30960B3223072D000E083B1 /* OtherTableViewCell.swift in Sources */,
				F3098C08222C5E9D00ED70FE /* StringExtenstions.swift in Sources */,
				F3098C0C222C621C00ED70FE /* JoinChatViewController.swift in Sources */,
			);
			runOnlyForDeploymentPostprocessing = 0;
		};
/* End PBXSourcesBuildPhase section */

/* Begin PBXVariantGroup section */
		F3098BF8222C5D5900ED70FE /* LaunchScreen.storyboard */ = {
			isa = PBXVariantGroup;
			children = (
				F3098BF9222C5D5900ED70FE /* Base */,
			);
			name = LaunchScreen.storyboard;
			sourceTree = "<group>";
		};
		F3098C1B222C74E900ED70FE /* Main.storyboard */ = {
			isa = PBXVariantGroup;
			children = (
				F3098C1C222C74E900ED70FE /* Base */,
			);
			name = Main.storyboard;
			sourceTree = "<group>";
		};
/* End PBXVariantGroup section */

/* Begin XCBuildConfiguration section */
		F3098BFC222C5D5900ED70FE /* Debug */ = {
			isa = XCBuildConfiguration;
			buildSettings = {
				ALWAYS_SEARCH_USER_PATHS = NO;
				CLANG_ANALYZER_NONNULL = YES;
				CLANG_ANALYZER_NUMBER_OBJECT_CONVERSION = YES_AGGRESSIVE;
				CLANG_CXX_LANGUAGE_STANDARD = "gnu++14";
				CLANG_CXX_LIBRARY = "libc++";
				CLANG_ENABLE_MODULES = YES;
				CLANG_ENABLE_OBJC_ARC = YES;
				CLANG_ENABLE_OBJC_WEAK = YES;
				CLANG_WARN_BLOCK_CAPTURE_AUTORELEASING = YES;
				CLANG_WARN_BOOL_CONVERSION = YES;
				CLANG_WARN_COMMA = YES;
				CLANG_WARN_CONSTANT_CONVERSION = YES;
				CLANG_WARN_DEPRECATED_OBJC_IMPLEMENTATIONS = YES;
				CLANG_WARN_DIRECT_OBJC_ISA_USAGE = YES_ERROR;
				CLANG_WARN_DOCUMENTATION_COMMENTS = YES;
				CLANG_WARN_EMPTY_BODY = YES;
				CLANG_WARN_ENUM_CONVERSION = YES;
				CLANG_WARN_INFINITE_RECURSION = YES;
				CLANG_WARN_INT_CONVERSION = YES;
				CLANG_WARN_NON_LITERAL_NULL_CONVERSION = YES;
				CLANG_WARN_OBJC_IMPLICIT_RETAIN_SELF = YES;
				CLANG_WARN_OBJC_LITERAL_CONVERSION = YES;
				CLANG_WARN_OBJC_ROOT_CLASS = YES_ERROR;
				CLANG_WARN_RANGE_LOOP_ANALYSIS = YES;
				CLANG_WARN_STRICT_PROTOTYPES = YES;
				CLANG_WARN_SUSPICIOUS_MOVE = YES;
				CLANG_WARN_UNGUARDED_AVAILABILITY = YES_AGGRESSIVE;
				CLANG_WARN_UNREACHABLE_CODE = YES;
				CLANG_WARN__DUPLICATE_METHOD_MATCH = YES;
				CODE_SIGN_IDENTITY = "iPhone Developer";
				COPY_PHASE_STRIP = NO;
				DEBUG_INFORMATION_FORMAT = dwarf;
				ENABLE_STRICT_OBJC_MSGSEND = YES;
				ENABLE_TESTABILITY = YES;
				GCC_C_LANGUAGE_STANDARD = gnu11;
				GCC_DYNAMIC_NO_PIC = NO;
				GCC_NO_COMMON_BLOCKS = YES;
				GCC_OPTIMIZATION_LEVEL = 0;
				GCC_PREPROCESSOR_DEFINITIONS = (
					"DEBUG=1",
					"$(inherited)",
				);
				GCC_WARN_64_TO_32_BIT_CONVERSION = YES;
				GCC_WARN_ABOUT_RETURN_TYPE = YES_ERROR;
				GCC_WARN_UNDECLARED_SELECTOR = YES;
				GCC_WARN_UNINITIALIZED_AUTOS = YES_AGGRESSIVE;
				GCC_WARN_UNUSED_FUNCTION = YES;
				GCC_WARN_UNUSED_VARIABLE = YES;
				IPHONEOS_DEPLOYMENT_TARGET = 12.1;
				MTL_ENABLE_DEBUG_INFO = INCLUDE_SOURCE;
				MTL_FAST_MATH = YES;
				ONLY_ACTIVE_ARCH = YES;
				SDKROOT = iphoneos;
				SWIFT_ACTIVE_COMPILATION_CONDITIONS = DEBUG;
				SWIFT_OPTIMIZATION_LEVEL = "-Onone";
			};
			name = Debug;
		};
		F3098BFD222C5D5900ED70FE /* Release */ = {
			isa = XCBuildConfiguration;
			buildSettings = {
				ALWAYS_SEARCH_USER_PATHS = NO;
				CLANG_ANALYZER_NONNULL = YES;
				CLANG_ANALYZER_NUMBER_OBJECT_CONVERSION = YES_AGGRESSIVE;
				CLANG_CXX_LANGUAGE_STANDARD = "gnu++14";
				CLANG_CXX_LIBRARY = "libc++";
				CLANG_ENABLE_MODULES = YES;
				CLANG_ENABLE_OBJC_ARC = YES;
				CLANG_ENABLE_OBJC_WEAK = YES;
				CLANG_WARN_BLOCK_CAPTURE_AUTORELEASING = YES;
				CLANG_WARN_BOOL_CONVERSION = YES;
				CLANG_WARN_COMMA = YES;
				CLANG_WARN_CONSTANT_CONVERSION = YES;
				CLANG_WARN_DEPRECATED_OBJC_IMPLEMENTATIONS = YES;
				CLANG_WARN_DIRECT_OBJC_ISA_USAGE = YES_ERROR;
				CLANG_WARN_DOCUMENTATION_COMMENTS = YES;
				CLANG_WARN_EMPTY_BODY = YES;
				CLANG_WARN_ENUM_CONVERSION = YES;
				CLANG_WARN_INFINITE_RECURSION = YES;
				CLANG_WARN_INT_CONVERSION = YES;
				CLANG_WARN_NON_LITERAL_NULL_CONVERSION = YES;
				CLANG_WARN_OBJC_IMPLICIT_RETAIN_SELF = YES;
				CLANG_WARN_OBJC_LITERAL_CONVERSION = YES;
				CLANG_WARN_OBJC_ROOT_CLASS = YES_ERROR;
				CLANG_WARN_RANGE_LOOP_ANALYSIS = YES;
				CLANG_WARN_STRICT_PROTOTYPES = YES;
				CLANG_WARN_SUSPICIOUS_MOVE = YES;
				CLANG_WARN_UNGUARDED_AVAILABILITY = YES_AGGRESSIVE;
				CLANG_WARN_UNREACHABLE_CODE = YES;
				CLANG_WARN__DUPLICATE_METHOD_MATCH = YES;
				CODE_SIGN_IDENTITY = "iPhone Developer";
				COPY_PHASE_STRIP = NO;
				DEBUG_INFORMATION_FORMAT = "dwarf-with-dsym";
				ENABLE_NS_ASSERTIONS = NO;
				ENABLE_STRICT_OBJC_MSGSEND = YES;
				GCC_C_LANGUAGE_STANDARD = gnu11;
				GCC_NO_COMMON_BLOCKS = YES;
				GCC_WARN_64_TO_32_BIT_CONVERSION = YES;
				GCC_WARN_ABOUT_RETURN_TYPE = YES_ERROR;
				GCC_WARN_UNDECLARED_SELECTOR = YES;
				GCC_WARN_UNINITIALIZED_AUTOS = YES_AGGRESSIVE;
				GCC_WARN_UNUSED_FUNCTION = YES;
				GCC_WARN_UNUSED_VARIABLE = YES;
				IPHONEOS_DEPLOYMENT_TARGET = 12.1;
				MTL_ENABLE_DEBUG_INFO = NO;
				MTL_FAST_MATH = YES;
				SDKROOT = iphoneos;
				SWIFT_COMPILATION_MODE = wholemodule;
				SWIFT_OPTIMIZATION_LEVEL = "-O";
				VALIDATE_PRODUCT = YES;
			};
			name = Release;
		};
		F3098BFF222C5D5900ED70FE /* Debug */ = {
			isa = XCBuildConfiguration;
			buildSettings = {
				ASSETCATALOG_COMPILER_APPICON_NAME = AppIcon;
				CODE_SIGN_STYLE = Automatic;
				DEVELOPMENT_TEAM = 47K9CVZBFJ;
				INFOPLIST_FILE = SocketChat/Info.plist;
				LD_RUNPATH_SEARCH_PATHS = (
					"$(inherited)",
					"@executable_path/Frameworks",
				);
				PRODUCT_BUNDLE_IDENTIFIER = men.brakh.SocketChat;
				PRODUCT_NAME = "$(TARGET_NAME)";
				SWIFT_VERSION = 4.2;
				TARGETED_DEVICE_FAMILY = "1,2";
			};
			name = Debug;
		};
		F3098C00222C5D5900ED70FE /* Release */ = {
			isa = XCBuildConfiguration;
			buildSettings = {
				ASSETCATALOG_COMPILER_APPICON_NAME = AppIcon;
				CODE_SIGN_STYLE = Automatic;
				DEVELOPMENT_TEAM = 47K9CVZBFJ;
				INFOPLIST_FILE = SocketChat/Info.plist;
				LD_RUNPATH_SEARCH_PATHS = (
					"$(inherited)",
					"@executable_path/Frameworks",
				);
				PRODUCT_BUNDLE_IDENTIFIER = men.brakh.SocketChat;
				PRODUCT_NAME = "$(TARGET_NAME)";
				SWIFT_VERSION = 4.2;
				TARGETED_DEVICE_FAMILY = "1,2";
			};
			name = Release;
		};
/* End XCBuildConfiguration section */

/* Begin XCConfigurationList section */
		F3098BE7222C5D5800ED70FE /* Build configuration list for PBXProject "SocketChat" */ = {
			isa = XCConfigurationList;
			buildConfigurations = (
				F3098BFC222C5D5900ED70FE /* Debug */,
				F3098BFD222C5D5900ED70FE /* Release */,
			);
			defaultConfigurationIsVisible = 0;
			defaultConfigurationName = Release;
		};
		F3098BFE222C5D5900ED70FE /* Build configuration list for PBXNativeTarget "SocketChat" */ = {
			isa = XCConfigurationList;
			buildConfigurations = (
				F3098BFF222C5D5900ED70FE /* Debug */,
				F3098C00222C5D5900ED70FE /* Release */,
			);
			defaultConfigurationIsVisible = 0;
			defaultConfigurationName = Release;
		};
/* End XCConfigurationList section */
	};
	rootObject = F3098BE4222C5D5800ED70FE /* Project object */;
}
